
Microsoft Visual Studio Solution File, Format Version 12.00
Project("{FAE04EC0-301F-11D3-BF4B-00C04F79EFBC}") = "SmtpClientDemo", "SmtpClientDemo\SmtpClientDemo.csproj", "{E9819275-CDF0-4BCC-9D15-D4F6B8D68DCC}"
EndProject
Global
	GlobalSection(SolutionConfigurationPlatforms) = preSolution
		Debug|Any CPU = Debug|Any CPU
		Release|Any CPU = Release|Any CPU
	EndGlobalSection
	GlobalSection(ProjectConfigurationPlatforms) = postSolution
		{E9819275-CDF0-4BCC-9D15-D4F6B8D68DCC}.Debug|Any CPU.ActiveCfg = Debug|Any CPU
		{E9819275-CDF0-4BCC-9D15-D4F6B8D68DCC}.Debug|Any CPU.Build.0 = Debug|Any CPU
		{E9819275-CDF0-4BCC-9D15-D4F6B8D68DCC}.Release|Any CPU.ActiveCfg = Release|Any CPU
		{E9819275-CDF0-4BCC-9D15-D4F6B8D68DCC}.Release|Any CPU.Build.0 = Release|Any CPU
	EndGlobalSection
EndGlobal
